{
    "_readme": [
        "This file locks the dependencies of your project to a known state",
        "Read more about it at https://getcomposer.org/doc/01-basic-usage.md#installing-dependencies",
        "This file is @generated automatically"
    ],
    "content-hash": "6e702eb24b2c7af161741baaef64ee2a",
    "packages": [
        {
            "name": "acme/local-lib",
            "version": "1.0.0",
            "dist": {
                "type": "zip",
                "url": "./artifacts/acme-local-lib-1.0.0.zip",
                "shasum": "ddb121b15dec27cda71fe13db1b1f63ae99f5507"
            },
            "require": {
                "php": ">=8.1"
            },
            "type": "library",
            "license": [
                "MIT"
            ],
            "description": "Local artifact test package for acme/local-lib"
        }
    ],
    "packages-dev": [],
    "aliases": [],
    "minimum-stability": "stable",
    "stability-flags": {},
    "prefer-stable": true,
    "prefer-lowest": false,
    "platform": {
        "php": ">=8.1"
    },
    "platform-dev": {},
    "plugin-api-version": "2.6.0"
}
